<Solution>
  <Folder Name="/Solution Items/">
    <File Path="docker-compose.yml" />
  </Folder>
  <Folder Name="/Solution Items/documentation/">
    <File Path="documentation/AuthenticationService.drawio" />
    <File Path="documentation/Designing a Domain-Driven Authentication Service with .NET 10, Dapper, and JWT.pdf" />
    <File Path="documentation/Guide to Key Architecture and Design Diagrams for a DDD‑Based Authentication Service.pdf" />
    <File Path="documentation/User Requirements Specification – Authentication and Identity Management Service.pdf" />
  </Folder>
  <Folder Name="/Solution Items/http/">
    <File Path="auth.login.http" />
    <File Path="auth.register.http" />
  </Folder>
  <Folder Name="/Solution Items/SQL/">
    <File Path="User.sql" />
  </Folder>
  <Project Path="AuthService.API/AuthService.API.csproj" Id="a584ceb1-1a06-480d-a108-fce5b917ffb4" />
  <Project Path="AuthService.Application/AuthService.Application.csproj" />
  <Project Path="AuthService.Domain/AuthService.Domain.csproj" />
  <Project Path="AuthService.Infrastructure/AuthService.Infrastructure.csproj" Id="3fd105e5-ed8a-4f9e-a4fe-d1eae53a3943" />
</Solution>
